
Microsoft Visual Studio Solution File, Format Version 12.00
# Visual Studio 2013
VisualStudioVersion = 12.0.40629.0
MinimumVisualStudioVersion = 10.0.40219.1
Project("{FAE04EC0-301F-11D3-BF4B-00C04F79EFBC}") = "DelegateTest", "DelegateTest\DelegateTest.csproj", "{D8B32FF4-2BA6-42FF-9ACB-F872B71C1445}"
EndProject
Project("{FAE04EC0-301F-11D3-BF4B-00C04F79EFBC}") = "AbstractPractice", "AbstractPractice\AbstractPractice.csproj", "{723605B6-16A1-4D7B-AA3A-FD4BC61D2EF1}"
EndProject
Project("{FAE04EC0-301F-11D3-BF4B-00C04F79EFBC}") = "InterfacePractice", "InterfacePractice\InterfacePractice.csproj", "{C75718BA-5552-4A94-B11D-7D759121AC63}"
EndProject
Project("{FAE04EC0-301F-11D3-BF4B-00C04F79EFBC}") = "DelegateAction", "DelegateAction\DelegateAction.csproj", "{D1E4E45C-900B-4DFA-9644-06E65FFBC84B}"
EndProject
Project("{FAE04EC0-301F-11D3-BF4B-00C04F79EFBC}") = "DelegatePractice", "DelegatePractice\DelegatePractice.csproj", "{A05A770D-0661-4FE0-9B73-B8FDE725F1DF}"
EndProject
Project("{FAE04EC0-301F-11D3-BF4B-00C04F79EFBC}") = "DelegatePractice2", "DelegatePractice2\DelegatePractice2.csproj", "{58C83123-735B-4F31-87E8-CFA680D723A9}"
EndProject
Project("{FAE04EC0-301F-11D3-BF4B-00C04F79EFBC}") = "GenericDelegateTest", "GenericDelegateTest\GenericDelegateTest.csproj", "{8904F75B-CA46-4248-9F46-73329E442CA0}"
EndProject
Project("{FAE04EC0-301F-11D3-BF4B-00C04F79EFBC}") = "OverridePractice", "OverridePractice\OverridePractice.csproj", "{1E8F85E0-11B3-48C9-9DEA-7949A03C9240}"
EndProject
Project("{FAE04EC0-301F-11D3-BF4B-00C04F79EFBC}") = "ThreadPractice", "ThreadPractice\ThreadPractice.csproj", "{8589236D-ADCB-42D0-A1EA-ABBAE0DD502B}"
EndProject
Project("{FAE04EC0-301F-11D3-BF4B-00C04F79EFBC}") = "ThreadPractice1", "ThreadPractice1\ThreadPractice1.csproj", "{D7179DFA-5F34-43E4-841D-C7AA0B796C27}"
EndProject
Project("{FAE04EC0-301F-11D3-BF4B-00C04F79EFBC}") = "WindowsServicePractice", "WindowsServicePractice\WindowsServicePractice.csproj", "{C348FC04-1CAD-4CDE-9A08-43BF32667D79}"
EndProject
Project("{FAE04EC0-301F-11D3-BF4B-00C04F79EFBC}") = "ThreadPractice2", "ThreadPractice2\ThreadPractice2.csproj", "{A7A1D25E-DC03-4B68-8543-F8688DB36563}"
EndProject
Project("{FAE04EC0-301F-11D3-BF4B-00C04F79EFBC}") = "InterfacePractice2", "InterfacePractice2\InterfacePractice2.csproj", "{D57A8E6A-F4F3-41E5-815D-4F00BF6CA362}"
EndProject
Project("{FAE04EC0-301F-11D3-BF4B-00C04F79EFBC}") = "AnonymousFunctions", "AnonymousFunctions\AnonymousFunctions.csproj", "{31BD3E37-D35C-4F74-8BA5-4106EEFEF33D}"
EndProject
Global
	GlobalSection(SolutionConfigurationPlatforms) = preSolution
		Debug|Any CPU = Debug|Any CPU
		Release|Any CPU = Release|Any CPU
	EndGlobalSection
	GlobalSection(ProjectConfigurationPlatforms) = postSolution
		{D8B32FF4-2BA6-42FF-9ACB-F872B71C1445}.Debug|Any CPU.ActiveCfg = Debug|Any CPU
		{D8B32FF4-2BA6-42FF-9ACB-F872B71C1445}.Debug|Any CPU.Build.0 = Debug|Any CPU
		{D8B32FF4-2BA6-42FF-9ACB-F872B71C1445}.Release|Any CPU.ActiveCfg = Release|Any CPU
		{D8B32FF4-2BA6-42FF-9ACB-F872B71C1445}.Release|Any CPU.Build.0 = Release|Any CPU
		{723605B6-16A1-4D7B-AA3A-FD4BC61D2EF1}.Debug|Any CPU.ActiveCfg = Debug|Any CPU
		{723605B6-16A1-4D7B-AA3A-FD4BC61D2EF1}.Debug|Any CPU.Build.0 = Debug|Any CPU
		{723605B6-16A1-4D7B-AA3A-FD4BC61D2EF1}.Release|Any CPU.ActiveCfg = Release|Any CPU
		{723605B6-16A1-4D7B-AA3A-FD4BC61D2EF1}.Release|Any CPU.Build.0 = Release|Any CPU
		{C75718BA-5552-4A94-B11D-7D759121AC63}.Debug|Any CPU.ActiveCfg = Debug|Any CPU
		{C75718BA-5552-4A94-B11D-7D759121AC63}.Debug|Any CPU.Build.0 = Debug|Any CPU
		{C75718BA-5552-4A94-B11D-7D759121AC63}.Release|Any CPU.ActiveCfg = Release|Any CPU
		{C75718BA-5552-4A94-B11D-7D759121AC63}.Release|Any CPU.Build.0 = Release|Any CPU
		{D1E4E45C-900B-4DFA-9644-06E65FFBC84B}.Debug|Any CPU.ActiveCfg = Debug|Any CPU
		{D1E4E45C-900B-4DFA-9644-06E65FFBC84B}.Debug|Any CPU.Build.0 = Debug|Any CPU
		{D1E4E45C-900B-4DFA-9644-06E65FFBC84B}.Release|Any CPU.ActiveCfg = Release|Any CPU
		{D1E4E45C-900B-4DFA-9644-06E65FFBC84B}.Release|Any CPU.Build.0 = Release|Any CPU
		{A05A770D-0661-4FE0-9B73-B8FDE725F1DF}.Debug|Any CPU.ActiveCfg = Debug|Any CPU
		{A05A770D-0661-4FE0-9B73-B8FDE725F1DF}.Debug|Any CPU.Build.0 = Debug|Any CPU
		{A05A770D-0661-4FE0-9B73-B8FDE725F1DF}.Release|Any CPU.ActiveCfg = Release|Any CPU
		{A05A770D-0661-4FE0-9B73-B8FDE725F1DF}.Release|Any CPU.Build.0 = Release|Any CPU
		{58C83123-735B-4F31-87E8-CFA680D723A9}.Debug|Any CPU.ActiveCfg = Debug|Any CPU
		{58C83123-735B-4F31-87E8-CFA680D723A9}.Debug|Any CPU.Build.0 = Debug|Any CPU
		{58C83123-735B-4F31-87E8-CFA680D723A9}.Release|Any CPU.ActiveCfg = Release|Any CPU
		{58C83123-735B-4F31-87E8-CFA680D723A9}.Release|Any CPU.Build.0 = Release|Any CPU
		{8904F75B-CA46-4248-9F46-73329E442CA0}.Debug|Any CPU.ActiveCfg = Debug|Any CPU
		{8904F75B-CA46-4248-9F46-73329E442CA0}.Debug|Any CPU.Build.0 = Debug|Any CPU
		{8904F75B-CA46-4248-9F46-73329E442CA0}.Release|Any CPU.ActiveCfg = Release|Any CPU
		{8904F75B-CA46-4248-9F46-73329E442CA0}.Release|Any CPU.Build.0 = Release|Any CPU
		{1E8F85E0-11B3-48C9-9DEA-7949A03C9240}.Debug|Any CPU.ActiveCfg = Debug|Any CPU
		{1E8F85E0-11B3-48C9-9DEA-7949A03C9240}.Debug|Any CPU.Build.0 = Debug|Any CPU
		{1E8F85E0-11B3-48C9-9DEA-7949A03C9240}.Release|Any CPU.ActiveCfg = Release|Any CPU
		{1E8F85E0-11B3-48C9-9DEA-7949A03C9240}.Release|Any CPU.Build.0 = Release|Any CPU
		{8589236D-ADCB-42D0-A1EA-ABBAE0DD502B}.Debug|Any CPU.ActiveCfg = Debug|Any CPU
		{8589236D-ADCB-42D0-A1EA-ABBAE0DD502B}.Debug|Any CPU.Build.0 = Debug|Any CPU
		{8589236D-ADCB-42D0-A1EA-ABBAE0DD502B}.Release|Any CPU.ActiveCfg = Release|Any CPU
		{8589236D-ADCB-42D0-A1EA-ABBAE0DD502B}.Release|Any CPU.Build.0 = Release|Any CPU
		{D7179DFA-5F34-43E4-841D-C7AA0B796C27}.Debug|Any CPU.ActiveCfg = Debug|Any CPU
		{D7179DFA-5F34-43E4-841D-C7AA0B796C27}.Debug|Any CPU.Build.0 = Debug|Any CPU
		{D7179DFA-5F34-43E4-841D-C7AA0B796C27}.Release|Any CPU.ActiveCfg = Release|Any CPU
		{D7179DFA-5F34-43E4-841D-C7AA0B796C27}.Release|Any CPU.Build.0 = Release|Any CPU
		{C348FC04-1CAD-4CDE-9A08-43BF32667D79}.Debug|Any CPU.ActiveCfg = Debug|Any CPU
		{C348FC04-1CAD-4CDE-9A08-43BF32667D79}.Debug|Any CPU.Build.0 = Debug|Any CPU
		{C348FC04-1CAD-4CDE-9A08-43BF32667D79}.Release|Any CPU.ActiveCfg = Release|Any CPU
		{C348FC04-1CAD-4CDE-9A08-43BF32667D79}.Release|Any CPU.Build.0 = Release|Any CPU
		{A7A1D25E-DC03-4B68-8543-F8688DB36563}.Debug|Any CPU.ActiveCfg = Debug|Any CPU
		{A7A1D25E-DC03-4B68-8543-F8688DB36563}.Debug|Any CPU.Build.0 = Debug|Any CPU
		{A7A1D25E-DC03-4B68-8543-F8688DB36563}.Release|Any CPU.ActiveCfg = Release|Any CPU
		{A7A1D25E-DC03-4B68-8543-F8688DB36563}.Release|Any CPU.Build.0 = Release|Any CPU
		{D57A8E6A-F4F3-41E5-815D-4F00BF6CA362}.Debug|Any CPU.ActiveCfg = Debug|Any CPU
		{D57A8E6A-F4F3-41E5-815D-4F00BF6CA362}.Debug|Any CPU.Build.0 = Debug|Any CPU
		{D57A8E6A-F4F3-41E5-815D-4F00BF6CA362}.Release|Any CPU.ActiveCfg = Release|Any CPU
		{D57A8E6A-F4F3-41E5-815D-4F00BF6CA362}.Release|Any CPU.Build.0 = Release|Any CPU
		{31BD3E37-D35C-4F74-8BA5-4106EEFEF33D}.Debug|Any CPU.ActiveCfg = Debug|Any CPU
		{31BD3E37-D35C-4F74-8BA5-4106EEFEF33D}.Debug|Any CPU.Build.0 = Debug|Any CPU
		{31BD3E37-D35C-4F74-8BA5-4106EEFEF33D}.Release|Any CPU.ActiveCfg = Release|Any CPU
		{31BD3E37-D35C-4F74-8BA5-4106EEFEF33D}.Release|Any CPU.Build.0 = Release|Any CPU
	EndGlobalSection
	GlobalSection(SolutionProperties) = preSolution
		HideSolutionNode = FALSE
	EndGlobalSection
EndGlobal
